
Microsoft Visual Studio Solution File, Format Version 12.00
# Visual Studio Version 16
VisualStudioVersion = 16.0.29709.97
MinimumVisualStudioVersion = 10.0.40219.1
Project("{FAE04EC0-301F-11D3-BF4B-00C04F79EFBC}") = "Final_Project_2310", "Final_Project_2310\Final_Project_2310.csproj", "{9CB82D6F-6DC5-411A-A2CD-C98B3A079732}"
EndProject
Global
	GlobalSection(SolutionConfigurationPlatforms) = preSolution
		Debug|Any CPU = Debug|Any CPU
		Release|Any CPU = Release|Any CPU
	EndGlobalSection
	GlobalSection(ProjectConfigurationPlatforms) = postSolution
		{9CB82D6F-6DC5-411A-A2CD-C98B3A079732}.Debug|Any CPU.ActiveCfg = Debug|Any CPU
		{9CB82D6F-6DC5-411A-A2CD-C98B3A079732}.Debug|Any CPU.Build.0 = Debug|Any CPU
		{9CB82D6F-6DC5-411A-A2CD-C98B3A079732}.Release|Any CPU.ActiveCfg = Release|Any CPU
		{9CB82D6F-6DC5-411A-A2CD-C98B3A079732}.Release|Any CPU.Build.0 = Release|Any CPU
	EndGlobalSection
	GlobalSection(SolutionProperties) = preSolution
		HideSolutionNode = FALSE
	EndGlobalSection
	GlobalSection(ExtensibilityGlobals) = postSolution
		SolutionGuid = {E901E7AC-C60C-4EF0-BBEB-389A70650B02}
	EndGlobalSection
EndGlobal
